
Microsoft Visual Studio Solution File, Format Version 12.00
# Visual Studio 15
VisualStudioVersion = 15.0.26730.10
MinimumVisualStudioVersion = 10.0.40219.1
Project("{FAE04EC0-301F-11D3-BF4B-00C04F79EFBC}") = "ParOImpar", "Arrancando\ParOImpar.csproj", "{35C2B35F-3D64-42A4-8564-51C18E4C2641}"
EndProject
Project("{FAE04EC0-301F-11D3-BF4B-00C04F79EFBC}") = "QueDiaEs", "QueDiaEs\QueDiaEs.csproj", "{9B2EC114-24B6-42C8-8D78-02FFC814B37F}"
EndProject
Project("{FAE04EC0-301F-11D3-BF4B-00C04F79EFBC}") = "ConsecutivosONo", "ConsecutivosONo\ConsecutivosONo.csproj", "{4BDDC1FB-FD70-42D5-862B-4B804412328F}"
EndProject
Project("{FAE04EC0-301F-11D3-BF4B-00C04F79EFBC}") = "MayorYMenor", "MayorYMenor\MayorYMenor.csproj", "{466B722C-4AE9-4E92-A00E-B9308C749B54}"
EndProject
Project("{FAE04EC0-301F-11D3-BF4B-00C04F79EFBC}") = "AumentoSueldo", "AumentoSueldo\AumentoSueldo.csproj", "{CE1C159F-3BD7-498B-B4B5-CE3D39D609D0}"
EndProject
Global
	GlobalSection(SolutionConfigurationPlatforms) = preSolution
		Debug|Any CPU = Debug|Any CPU
		Release|Any CPU = Release|Any CPU
	EndGlobalSection
	GlobalSection(ProjectConfigurationPlatforms) = postSolution
		{35C2B35F-3D64-42A4-8564-51C18E4C2641}.Debug|Any CPU.ActiveCfg = Debug|Any CPU
		{35C2B35F-3D64-42A4-8564-51C18E4C2641}.Debug|Any CPU.Build.0 = Debug|Any CPU
		{35C2B35F-3D64-42A4-8564-51C18E4C2641}.Release|Any CPU.ActiveCfg = Release|Any CPU
		{35C2B35F-3D64-42A4-8564-51C18E4C2641}.Release|Any CPU.Build.0 = Release|Any CPU
		{9B2EC114-24B6-42C8-8D78-02FFC814B37F}.Debug|Any CPU.ActiveCfg = Debug|Any CPU
		{9B2EC114-24B6-42C8-8D78-02FFC814B37F}.Debug|Any CPU.Build.0 = Debug|Any CPU
		{9B2EC114-24B6-42C8-8D78-02FFC814B37F}.Release|Any CPU.ActiveCfg = Release|Any CPU
		{9B2EC114-24B6-42C8-8D78-02FFC814B37F}.Release|Any CPU.Build.0 = Release|Any CPU
		{4BDDC1FB-FD70-42D5-862B-4B804412328F}.Debug|Any CPU.ActiveCfg = Debug|Any CPU
		{4BDDC1FB-FD70-42D5-862B-4B804412328F}.Debug|Any CPU.Build.0 = Debug|Any CPU
		{4BDDC1FB-FD70-42D5-862B-4B804412328F}.Release|Any CPU.ActiveCfg = Release|Any CPU
		{4BDDC1FB-FD70-42D5-862B-4B804412328F}.Release|Any CPU.Build.0 = Release|Any CPU
		{466B722C-4AE9-4E92-A00E-B9308C749B54}.Debug|Any CPU.ActiveCfg = Debug|Any CPU
		{466B722C-4AE9-4E92-A00E-B9308C749B54}.Debug|Any CPU.Build.0 = Debug|Any CPU
		{466B722C-4AE9-4E92-A00E-B9308C749B54}.Release|Any CPU.ActiveCfg = Release|Any CPU
		{466B722C-4AE9-4E92-A00E-B9308C749B54}.Release|Any CPU.Build.0 = Release|Any CPU
		{CE1C159F-3BD7-498B-B4B5-CE3D39D609D0}.Debug|Any CPU.ActiveCfg = Debug|Any CPU
		{CE1C159F-3BD7-498B-B4B5-CE3D39D609D0}.Debug|Any CPU.Build.0 = Debug|Any CPU
		{CE1C159F-3BD7-498B-B4B5-CE3D39D609D0}.Release|Any CPU.ActiveCfg = Release|Any CPU
		{CE1C159F-3BD7-498B-B4B5-CE3D39D609D0}.Release|Any CPU.Build.0 = Release|Any CPU
	EndGlobalSection
	GlobalSection(SolutionProperties) = preSolution
		HideSolutionNode = FALSE
	EndGlobalSection
	GlobalSection(ExtensibilityGlobals) = postSolution
		SolutionGuid = {7F78A626-5A04-40FD-B7E6-D4DB01EC9912}
	EndGlobalSection
EndGlobal
